
Microsoft Visual Studio Solution File, Format Version 12.00
# Visual Studio 14
VisualStudioVersion = 14.0.25123.0
MinimumVisualStudioVersion = 10.0.40219.1
Project("{FAE04EC0-301F-11D3-BF4B-00C04F79EFBC}") = "Anno1602Icons", "Anno1602Icons\Anno1602Icons.csproj", "{19399729-C1A5-45EB-A0EA-F8F84505B331}"
EndProject
Project("{FAE04EC0-301F-11D3-BF4B-00C04F79EFBC}") = "UnitTestProject1", "UnitTestProject1\UnitTestProject1.csproj", "{F7C666CF-5C6D-4A0A-A5C2-7AA91A762CB6}"
EndProject
Global
	GlobalSection(SolutionConfigurationPlatforms) = preSolution
		Debug|Any CPU = Debug|Any CPU
		Release|Any CPU = Release|Any CPU
	EndGlobalSection
	GlobalSection(ProjectConfigurationPlatforms) = postSolution
		{19399729-C1A5-45EB-A0EA-F8F84505B331}.Debug|Any CPU.ActiveCfg = Debug|Any CPU
		{19399729-C1A5-45EB-A0EA-F8F84505B331}.Debug|Any CPU.Build.0 = Debug|Any CPU
		{19399729-C1A5-45EB-A0EA-F8F84505B331}.Release|Any CPU.ActiveCfg = Release|Any CPU
		{19399729-C1A5-45EB-A0EA-F8F84505B331}.Release|Any CPU.Build.0 = Release|Any CPU
		{F7C666CF-5C6D-4A0A-A5C2-7AA91A762CB6}.Debug|Any CPU.ActiveCfg = Debug|Any CPU
		{F7C666CF-5C6D-4A0A-A5C2-7AA91A762CB6}.Debug|Any CPU.Build.0 = Debug|Any CPU
		{F7C666CF-5C6D-4A0A-A5C2-7AA91A762CB6}.Release|Any CPU.ActiveCfg = Release|Any CPU
		{F7C666CF-5C6D-4A0A-A5C2-7AA91A762CB6}.Release|Any CPU.Build.0 = Release|Any CPU
	EndGlobalSection
	GlobalSection(SolutionProperties) = preSolution
		HideSolutionNode = FALSE
	EndGlobalSection
EndGlobal
